
Microsoft Visual Studio Solution File, Format Version 12.00
# Visual Studio Version 17
VisualStudioVersion = 17.12.35707.178 d17.12
MinimumVisualStudioVersion = 10.0.40219.1
Project("{FAE04EC0-301F-11D3-BF4B-00C04F79EFBC}") = "LSEG.LogMonitoringApp", "LSEG.LogMonitoringApp\LSEG.LogMonitoringApp.csproj", "{01DC7F27-98B2-4E27-B719-5395862B927B}"
EndProject
Project("{FAE04EC0-301F-11D3-BF4B-00C04F79EFBC}") = "LSEG.LogMonitoring.Module.Data", "LSEG.LogMonitoring.Modules\LSEG.LogMonitoring.Module.Data.csproj", "{708E6E34-93AE-4C01-80CF-5AA5E1150CC6}"
EndProject
Project("{FAE04EC0-301F-11D3-BF4B-00C04F79EFBC}") = "LSEG.LogMonitoring.Core", "LSEG.LogMonitoring.Core2\LSEG.LogMonitoring.Core.csproj", "{E44D63A6-179B-45D4-A254-A2EB20790983}"
EndProject
Project("{FAE04EC0-301F-11D3-BF4B-00C04F79EFBC}") = "LSEG.LogMonitoring.Module.Stats", "LSEG.LogMonitoring.Module.Stats\LSEG.LogMonitoring.Module.Stats.csproj", "{D8C29D90-B100-4B5C-BE13-6D98950DD862}"
EndProject
Global
	GlobalSection(SolutionConfigurationPlatforms) = preSolution
		Debug|Any CPU = Debug|Any CPU
		Release|Any CPU = Release|Any CPU
	EndGlobalSection
	GlobalSection(ProjectConfigurationPlatforms) = postSolution
		{01DC7F27-98B2-4E27-B719-5395862B927B}.Debug|Any CPU.ActiveCfg = Debug|Any CPU
		{01DC7F27-98B2-4E27-B719-5395862B927B}.Debug|Any CPU.Build.0 = Debug|Any CPU
		{01DC7F27-98B2-4E27-B719-5395862B927B}.Release|Any CPU.ActiveCfg = Release|Any CPU
		{01DC7F27-98B2-4E27-B719-5395862B927B}.Release|Any CPU.Build.0 = Release|Any CPU
		{708E6E34-93AE-4C01-80CF-5AA5E1150CC6}.Debug|Any CPU.ActiveCfg = Debug|Any CPU
		{708E6E34-93AE-4C01-80CF-5AA5E1150CC6}.Debug|Any CPU.Build.0 = Debug|Any CPU
		{708E6E34-93AE-4C01-80CF-5AA5E1150CC6}.Release|Any CPU.ActiveCfg = Release|Any CPU
		{708E6E34-93AE-4C01-80CF-5AA5E1150CC6}.Release|Any CPU.Build.0 = Release|Any CPU
		{E44D63A6-179B-45D4-A254-A2EB20790983}.Debug|Any CPU.ActiveCfg = Debug|Any CPU
		{E44D63A6-179B-45D4-A254-A2EB20790983}.Debug|Any CPU.Build.0 = Debug|Any CPU
		{E44D63A6-179B-45D4-A254-A2EB20790983}.Release|Any CPU.ActiveCfg = Release|Any CPU
		{E44D63A6-179B-45D4-A254-A2EB20790983}.Release|Any CPU.Build.0 = Release|Any CPU
		{D8C29D90-B100-4B5C-BE13-6D98950DD862}.Debug|Any CPU.ActiveCfg = Debug|Any CPU
		{D8C29D90-B100-4B5C-BE13-6D98950DD862}.Debug|Any CPU.Build.0 = Debug|Any CPU
		{D8C29D90-B100-4B5C-BE13-6D98950DD862}.Release|Any CPU.ActiveCfg = Release|Any CPU
		{D8C29D90-B100-4B5C-BE13-6D98950DD862}.Release|Any CPU.Build.0 = Release|Any CPU
	EndGlobalSection
	GlobalSection(SolutionProperties) = preSolution
		HideSolutionNode = FALSE
	EndGlobalSection
EndGlobal
